
Microsoft Visual Studio Solution File, Format Version 12.00
# Visual Studio 15
VisualStudioVersion = 15.0.28307.168
MinimumVisualStudioVersion = 10.0.40219.1
Project("{FAE04EC0-301F-11D3-BF4B-00C04F79EFBC}") = "Wk_1_Record_Objects", "Wk_1_Record_Objects\Wk_1_Record_Objects.csproj", "{7CAB1973-2BE5-4BA0-BB7C-A98EC0B2D42B}"
EndProject
Global
	GlobalSection(SolutionConfigurationPlatforms) = preSolution
		Debug|Any CPU = Debug|Any CPU
		Release|Any CPU = Release|Any CPU
	EndGlobalSection
	GlobalSection(ProjectConfigurationPlatforms) = postSolution
		{7CAB1973-2BE5-4BA0-BB7C-A98EC0B2D42B}.Debug|Any CPU.ActiveCfg = Debug|Any CPU
		{7CAB1973-2BE5-4BA0-BB7C-A98EC0B2D42B}.Debug|Any CPU.Build.0 = Debug|Any CPU
		{7CAB1973-2BE5-4BA0-BB7C-A98EC0B2D42B}.Release|Any CPU.ActiveCfg = Release|Any CPU
		{7CAB1973-2BE5-4BA0-BB7C-A98EC0B2D42B}.Release|Any CPU.Build.0 = Release|Any CPU
	EndGlobalSection
	GlobalSection(SolutionProperties) = preSolution
		HideSolutionNode = FALSE
	EndGlobalSection
	GlobalSection(ExtensibilityGlobals) = postSolution
		SolutionGuid = {8946DF01-845A-4BB5-AA59-C89F7BC1F70E}
	EndGlobalSection
EndGlobal
