
Microsoft Visual Studio Solution File, Format Version 12.00
# Visual Studio 15
VisualStudioVersion = 15.0.28307.168
MinimumVisualStudioVersion = 10.0.40219.1
Project("{FAE04EC0-301F-11D3-BF4B-00C04F79EFBC}") = "ConsoleAppWeek3", "ConsoleAppWeek3\ConsoleAppWeek3.csproj", "{11CB09D2-F66E-426F-991C-1899812E54AA}"
EndProject
Global
	GlobalSection(SolutionConfigurationPlatforms) = preSolution
		Debug|Any CPU = Debug|Any CPU
		Release|Any CPU = Release|Any CPU
	EndGlobalSection
	GlobalSection(ProjectConfigurationPlatforms) = postSolution
		{11CB09D2-F66E-426F-991C-1899812E54AA}.Debug|Any CPU.ActiveCfg = Debug|Any CPU
		{11CB09D2-F66E-426F-991C-1899812E54AA}.Debug|Any CPU.Build.0 = Debug|Any CPU
		{11CB09D2-F66E-426F-991C-1899812E54AA}.Release|Any CPU.ActiveCfg = Release|Any CPU
		{11CB09D2-F66E-426F-991C-1899812E54AA}.Release|Any CPU.Build.0 = Release|Any CPU
	EndGlobalSection
	GlobalSection(SolutionProperties) = preSolution
		HideSolutionNode = FALSE
	EndGlobalSection
	GlobalSection(ExtensibilityGlobals) = postSolution
		SolutionGuid = {E5C9EDE3-83E3-4EF8-8F05-65696EA09738}
	EndGlobalSection
EndGlobal
